
Microsoft Visual Studio Solution File, Format Version 12.00
# Visual Studio 15
VisualStudioVersion = 15.0.27130.2027
MinimumVisualStudioVersion = 10.0.40219.1
Project("{FAE04EC0-301F-11D3-BF4B-00C04F79EFBC}") = "Presentation", "CleanArchitecture\Presentation.csproj", "{40767B01-3698-44AE-95C8-4F575FC8B91C}"
EndProject
Project("{9A19103F-16F7-4668-BE54-9A1E7A4F7556}") = "Domain", "Domain\Domain.csproj", "{B354EBB4-0BC9-4C38-B987-90A5A27768E6}"
EndProject
Project("{9A19103F-16F7-4668-BE54-9A1E7A4F7556}") = "Data", "Data\Data.csproj", "{1AF164CC-E6A4-4DEB-A494-510741BFA5E0}"
EndProject
Project("{FAE04EC0-301F-11D3-BF4B-00C04F79EFBC}") = "Tests", "Tests\Tests.csproj", "{4A26FEC0-4B24-4274-A9F1-7134DFCCBD28}"
EndProject
Global
	GlobalSection(SolutionConfigurationPlatforms) = preSolution
		Debug|Any CPU = Debug|Any CPU
		Release|Any CPU = Release|Any CPU
	EndGlobalSection
	GlobalSection(ProjectConfigurationPlatforms) = postSolution
		{40767B01-3698-44AE-95C8-4F575FC8B91C}.Debug|Any CPU.ActiveCfg = Debug|Any CPU
		{40767B01-3698-44AE-95C8-4F575FC8B91C}.Debug|Any CPU.Build.0 = Debug|Any CPU
		{40767B01-3698-44AE-95C8-4F575FC8B91C}.Release|Any CPU.ActiveCfg = Release|Any CPU
		{40767B01-3698-44AE-95C8-4F575FC8B91C}.Release|Any CPU.Build.0 = Release|Any CPU
		{B354EBB4-0BC9-4C38-B987-90A5A27768E6}.Debug|Any CPU.ActiveCfg = Debug|Any CPU
		{B354EBB4-0BC9-4C38-B987-90A5A27768E6}.Debug|Any CPU.Build.0 = Debug|Any CPU
		{B354EBB4-0BC9-4C38-B987-90A5A27768E6}.Release|Any CPU.ActiveCfg = Release|Any CPU
		{B354EBB4-0BC9-4C38-B987-90A5A27768E6}.Release|Any CPU.Build.0 = Release|Any CPU
		{1AF164CC-E6A4-4DEB-A494-510741BFA5E0}.Debug|Any CPU.ActiveCfg = Debug|Any CPU
		{1AF164CC-E6A4-4DEB-A494-510741BFA5E0}.Debug|Any CPU.Build.0 = Debug|Any CPU
		{1AF164CC-E6A4-4DEB-A494-510741BFA5E0}.Release|Any CPU.ActiveCfg = Release|Any CPU
		{1AF164CC-E6A4-4DEB-A494-510741BFA5E0}.Release|Any CPU.Build.0 = Release|Any CPU
		{4A26FEC0-4B24-4274-A9F1-7134DFCCBD28}.Debug|Any CPU.ActiveCfg = Debug|Any CPU
		{4A26FEC0-4B24-4274-A9F1-7134DFCCBD28}.Debug|Any CPU.Build.0 = Debug|Any CPU
		{4A26FEC0-4B24-4274-A9F1-7134DFCCBD28}.Release|Any CPU.ActiveCfg = Release|Any CPU
		{4A26FEC0-4B24-4274-A9F1-7134DFCCBD28}.Release|Any CPU.Build.0 = Release|Any CPU
	EndGlobalSection
	GlobalSection(SolutionProperties) = preSolution
		HideSolutionNode = FALSE
	EndGlobalSection
	GlobalSection(ExtensibilityGlobals) = postSolution
		SolutionGuid = {2DF9F70F-611B-4486-8113-95756362FF93}
	EndGlobalSection
EndGlobal
